// !$*UTF8*$!
{
	archiveVersion = 1;
	classes = {
	};
	objectVersion = 77;
	objects = {

/* Begin PBXContainerItemProxy section */
		B9A8F4352D56AEA2006C7F4E /* PBXContainerItemProxy */ = {
			isa = PBXContainerItemProxy;
			containerPortal = B9A8F41C2D56AEA1006C7F4E /* Project object */;
			proxyType = 1;
			remoteGlobalIDString = B9A8F4232D56AEA1006C7F4E;
			remoteInfo = TheWord;
		};
		B9A8F43F2D56AEA2006C7F4E /* PBXContainerItemProxy */ = {
			isa = PBXContainerItemProxy;
			containerPortal = B9A8F41C2D56AEA1006C7F4E /* Project object */;
			proxyType = 1;
			remoteGlobalIDString = B9A8F4232D56AEA1006C7F4E;
			remoteInfo = TheWord;
		};
/* End PBXContainerItemProxy section */

/* Begin PBXFileReference section */
		B9A8F4242D56AEA1006C7F4E /* TheWord.app */ = {isa = PBXFileReference; explicitFileType = wrapper.application; includeInIndex = 0; path = TheWord.app; sourceTree = BUILT_PRODUCTS_DIR; };
		B9A8F4342D56AEA2006C7F4E /* TheWordTests.xctest */ = {isa = PBXFileReference; explicitFileType = wrapper.cfbundle; includeInIndex = 0; path = TheWordTests.xctest; sourceTree = BUILT_PRODUCTS_DIR; };
		B9A8F43E2D56AEA2006C7F4E /* TheWordUITests.xctest */ = {isa = PBXFileReference; explicitFileType = wrapper.cfbundle; includeInIndex = 0; path = TheWordUITests.xctest; sourceTree = BUILT_PRODUCTS_DIR; };
/* End PBXFileReference section */

/* Begin PBXFileSystemSynchronizedRootGroup section */
		B9A8F4262D56AEA1006C7F4E /* TheWord */ = {
			isa = PBXFileSystemSynchronizedRootGroup;
			path = TheWord;
			sourceTree = "<group>";
		};
		B9A8F4372D56AEA2006C7F4E /* TheWordTests */ = {
			isa = PBXFileSystemSynchronizedRootGroup;
			path = TheWordTests;
			sourceTree = "<group>";
		};
		B9A8F4412D56AEA2006C7F4E /* TheWordUITests */ = {
			isa = PBXFileSystemSynchronizedRootGroup;
			path = TheWordUITests;
			sourceTree = "<group>";
		};
/* End PBXFileSystemSynchronizedRootGroup section */

/* Begin PBXFrameworksBuildPhase section */
		B9A8F4212D56AEA1006C7F4E /* Frameworks */ = {
			isa = PBXFrameworksBuildPhase;
			buildActionMask = 2147483647;
			files = (
			);
			runOnlyForDeploymentPostprocessing = 0;
		};
		B9A8F4312D56AEA2006C7F4E /* Frameworks */ = {
			isa = PBXFrameworksBuildPhase;
			buildActionMask = 2147483647;
			files = (
			);
			runOnlyForDeploymentPostprocessing = 0;
		};
		B9A8F43B2D56AEA2006C7F4E /* Frameworks */ = {
			isa = PBXFrameworksBuildPhase;
			buildActionMask = 2147483647;
			files = (
			);
			runOnlyForDeploymentPostprocessing = 0;
		};
/* End PBXFrameworksBuildPhase section */

/* Begin PBXGroup section */
		B9A8F41B2D56AEA1006C7F4E = {
			isa = PBXGroup;
			children = (
				B9A8F4262D56AEA1006C7F4E /* TheWord */,
				B9A8F4372D56AEA2006C7F4E /* TheWordTests */,
				B9A8F4412D56AEA2006C7F4E /* TheWordUITests */,
				B9A8F4252D56AEA1006C7F4E /* Products */,
			);
			sourceTree = "<group>";
		};
		B9A8F4252D56AEA1006C7F4E /* Products */ = {
			isa = PBXGroup;
			children = (
				B9A8F4242D56AEA1006C7F4E /* TheWord.app */,
				B9A8F4342D56AEA2006C7F4E /* TheWordTests.xctest */,
				B9A8F43E2D56AEA2006C7F4E /* TheWordUITests.xctest */,
			);
			name = Products;
			sourceTree = "<group>";
		};
/* End PBXGroup section */

/* Begin PBXNativeTarget section */
		B9A8F4232D56AEA1006C7F4E /* TheWord */ = {
			isa = PBXNativeTarget;
			buildConfigurationList = B9A8F4482D56AEA2006C7F4E /* Build configuration list for PBXNativeTarget "TheWord" */;
			buildPhases = (
				B9A8F4202D56AEA1006C7F4E /* Sources */,
				B9A8F4212D56AEA1006C7F4E /* Frameworks */,
				B9A8F4222D56AEA1006C7F4E /* Resources */,
			);
			buildRules = (
			);
			dependencies = (
			);
			fileSystemSynchronizedGroups = (
				B9A8F4262D56AEA1006C7F4E /* TheWord */,
			);
			name = TheWord;
			packageProductDependencies = (
			);
			productName = TheWord;
			productReference = B9A8F4242D56AEA1006C7F4E /* TheWord.app */;
			productType = "com.apple.product-type.application";
		};
		B9A8F4332D56AEA2006C7F4E /* TheWordTests */ = {
			isa = PBXNativeTarget;
			buildConfigurationList = B9A8F44B2D56AEA2006C7F4E /* Build configuration list for PBXNativeTarget "TheWordTests" */;
			buildPhases = (
				B9A8F4302D56AEA2006C7F4E /* Sources */,
				B9A8F4312D56AEA2006C7F4E /* Frameworks */,
				B9A8F4322D56AEA2006C7F4E /* Resources */,
			);
			buildRules = (
			);
			dependencies = (
				B9A8F4362D56AEA2006C7F4E /* PBXTargetDependency */,
			);
			fileSystemSynchronizedGroups = (
				B9A8F4372D56AEA2006C7F4E /* TheWordTests */,
			);
			name = TheWordTests;
			packageProductDependencies = (
			);
			productName = TheWordTests;
			productReference = B9A8F4342D56AEA2006C7F4E /* TheWordTests.xctest */;
			productType = "com.apple.product-type.bundle.unit-test";
		};
		B9A8F43D2D56AEA2006C7F4E /* TheWordUITests */ = {
			isa = PBXNativeTarget;
			buildConfigurationList = B9A8F44E2D56AEA2006C7F4E /* Build configuration list for PBXNativeTarget "TheWordUITests" */;
			buildPhases = (
				B9A8F43A2D56AEA2006C7F4E /* Sources */,
				B9A8F43B2D56AEA2006C7F4E /* Frameworks */,
				B9A8F43C2D56AEA2006C7F4E /* Resources */,
			);
			buildRules = (
			);
			dependencies = (
				B9A8F4402D56AEA2006C7F4E /* PBXTargetDependency */,
			);
			fileSystemSynchronizedGroups = (
				B9A8F4412D56AEA2006C7F4E /* TheWordUITests */,
			);
			name = TheWordUITests;
			packageProductDependencies = (
			);
			productName = TheWordUITests;
			productReference = B9A8F43E2D56AEA2006C7F4E /* TheWordUITests.xctest */;
			productType = "com.apple.product-type.bundle.ui-testing";
		};
/* End PBXNativeTarget section */

/* Begin PBXProject section */
		B9A8F41C2D56AEA1006C7F4E /* Project object */ = {
			isa = PBXProject;
			attributes = {
				BuildIndependentTargetsInParallel = 1;
				LastSwiftUpdateCheck = 1620;
				LastUpgradeCheck = 1620;
				TargetAttributes = {
					B9A8F4232D56AEA1006C7F4E = {
						CreatedOnToolsVersion = 16.2;
					};
					B9A8F4332D56AEA2006C7F4E = {
						CreatedOnToolsVersion = 16.2;
						TestTargetID = B9A8F4232D56AEA1006C7F4E;
					};
					B9A8F43D2D56AEA2006C7F4E = {
						CreatedOnToolsVersion = 16.2;
						TestTargetID = B9A8F4232D56AEA1006C7F4E;
					};
				};
			};
			buildConfigurationList = B9A8F41F2D56AEA1006C7F4E /* Build configuration list for PBXProject "TheWord" */;
			developmentRegion = en;
			hasScannedForEncodings = 0;
			knownRegions = (
				en,
				Base,
			);
			mainGroup = B9A8F41B2D56AEA1006C7F4E;
			minimizedProjectReferenceProxies = 1;
			preferredProjectObjectVersion = 77;
			productRefGroup = B9A8F4252D56AEA1006C7F4E /* Products */;
			projectDirPath = "";
			projectRoot = "";
			targets = (
				B9A8F4232D56AEA1006C7F4E /* TheWord */,
				B9A8F4332D56AEA2006C7F4E /* TheWordTests */,
				B9A8F43D2D56AEA2006C7F4E /* TheWordUITests */,
			);
		};
/* End PBXProject section */

/* Begin PBXResourcesBuildPhase section */
		B9A8F4222D56AEA1006C7F4E /* Resources */ = {
			isa = PBXResourcesBuildPhase;
			buildActionMask = 2147483647;
			files = (
			);
			runOnlyForDeploymentPostprocessing = 0;
		};
		B9A8F4322D56AEA2006C7F4E /* Resources */ = {
			isa = PBXResourcesBuildPhase;
			buildActionMask = 2147483647;
			files = (
			);
			runOnlyForDeploymentPostprocessing = 0;
		};
		B9A8F43C2D56AEA2006C7F4E /* Resources */ = {
			isa = PBXResourcesBuildPhase;
			buildActionMask = 2147483647;
			files = (
			);
			runOnlyForDeploymentPostprocessing = 0;
		};
/* End PBXResourcesBuildPhase section */

/* Begin PBXSourcesBuildPhase section */
		B9A8F4202D56AEA1006C7F4E /* Sources */ = {
			isa = PBXSourcesBuildPhase;
			buildActionMask = 2147483647;
			files = (
			);
			runOnlyForDeploymentPostprocessing = 0;
		};
		B9A8F4302D56AEA2006C7F4E /* Sources */ = {
			isa = PBXSourcesBuildPhase;
			buildActionMask = 2147483647;
			files = (
			);
			runOnlyForDeploymentPostprocessing = 0;
		};
		B9A8F43A2D56AEA2006C7F4E /* Sources */ = {
			isa = PBXSourcesBuildPhase;
			buildActionMask = 2147483647;
			files = (
			);
			runOnlyForDeploymentPostprocessing = 0;
		};
/* End PBXSourcesBuildPhase section */

/* Begin PBXTargetDependency section */
		B9A8F4362D56AEA2006C7F4E /* PBXTargetDependency */ = {
			isa = PBXTargetDependency;
			target = B9A8F4232D56AEA1006C7F4E /* TheWord */;
			targetProxy = B9A8F4352D56AEA2006C7F4E /* PBXContainerItemProxy */;
		};
		B9A8F4402D56AEA2006C7F4E /* PBXTargetDependency */ = {
			isa = PBXTargetDependency;
			target = B9A8F4232D56AEA1006C7F4E /* TheWord */;
			targetProxy = B9A8F43F2D56AEA2006C7F4E /* PBXContainerItemProxy */;
		};
/* End PBXTargetDependency section */

/* Begin XCBuildConfiguration section */
		B9A8F4462D56AEA2006C7F4E /* Debug */ = {
			isa = XCBuildConfiguration;
			buildSettings = {
				ALWAYS_SEARCH_USER_PATHS = NO;
				ASSETCATALOG_COMPILER_GENERATE_SWIFT_ASSET_SYMBOL_EXTENSIONS = YES;
				CLANG_ANALYZER_NONNULL = YES;
				CLANG_ANALYZER_NUMBER_OBJECT_CONVERSION = YES_AGGRESSIVE;
				CLANG_CXX_LANGUAGE_STANDARD = "gnu++20";
				CLANG_ENABLE_MODULES = YES;
				CLANG_ENABLE_OBJC_ARC = YES;
				CLANG_ENABLE_OBJC_WEAK = YES;
				CLANG_WARN_BLOCK_CAPTURE_AUTORELEASING = YES;
				CLANG_WARN_BOOL_CONVERSION = YES;
				CLANG_WARN_COMMA = YES;
				CLANG_WARN_CONSTANT_CONVERSION = YES;
				CLANG_WARN_DEPRECATED_OBJC_IMPLEMENTATIONS = YES;
				CLANG_WARN_DIRECT_OBJC_ISA_USAGE = YES_ERROR;
				CLANG_WARN_DOCUMENTATION_COMMENTS = YES;
				CLANG_WARN_EMPTY_BODY = YES;
				CLANG_WARN_ENUM_CONVERSION = YES;
				CLANG_WARN_INFINITE_RECURSION = YES;
				CLANG_WARN_INT_CONVERSION = YES;
				CLANG_WARN_NON_LITERAL_NULL_CONVERSION = YES;
				CLANG_WARN_OBJC_IMPLICIT_RETAIN_SELF = YES;
				CLANG_WARN_OBJC_LITERAL_CONVERSION = YES;
				CLANG_WARN_OBJC_ROOT_CLASS = YES_ERROR;
				CLANG_WARN_QUOTED_INCLUDE_IN_FRAMEWORK_HEADER = YES;
				CLANG_WARN_RANGE_LOOP_ANALYSIS = YES;
				CLANG_WARN_STRICT_PROTOTYPES = YES;
				CLANG_WARN_SUSPICIOUS_MOVE = YES;
				CLANG_WARN_UNGUARDED_AVAILABILITY = YES_AGGRESSIVE;
				CLANG_WARN_UNREACHABLE_CODE = YES;
				CLANG_WARN__DUPLICATE_METHOD_MATCH = YES;
				COPY_PHASE_STRIP = NO;
				DEBUG_INFORMATION_FORMAT = dwarf;
				ENABLE_STRICT_OBJC_MSGSEND = YES;
				ENABLE_TESTABILITY = YES;
				ENABLE_USER_SCRIPT_SANDBOXING = YES;
				GCC_C_LANGUAGE_STANDARD = gnu17;
				GCC_DYNAMIC_NO_PIC = NO;
				GCC_NO_COMMON_BLOCKS = YES;
				GCC_OPTIMIZATION_LEVEL = 0;
				GCC_PREPROCESSOR_DEFINITIONS = (
					"DEBUG=1",
					"$(inherited)",
				);
				GCC_WARN_64_TO_32_BIT_CONVERSION = YES;
				GCC_WARN_ABOUT_RETURN_TYPE = YES_ERROR;
				GCC_WARN_UNDECLARED_SELECTOR = YES;
				GCC_WARN_UNINITIALIZED_AUTOS = YES_AGGRESSIVE;
				GCC_WARN_UNUSED_FUNCTION = YES;
				GCC_WARN_UNUSED_VARIABLE = YES;
				IPHONEOS_DEPLOYMENT_TARGET = 18.2;
				LOCALIZATION_PREFERS_STRING_CATALOGS = YES;
				MTL_ENABLE_DEBUG_INFO = INCLUDE_SOURCE;
				MTL_FAST_MATH = YES;
				ONLY_ACTIVE_ARCH = YES;
				SDKROOT = iphoneos;
				SWIFT_ACTIVE_COMPILATION_CONDITIONS = "DEBUG $(inherited)";
				SWIFT_OPTIMIZATION_LEVEL = "-Onone";
			};
			name = Debug;
		};
		B9A8F4472D56AEA2006C7F4E /* Release */ = {
			isa = XCBuildConfiguration;
			buildSettings = {
				ALWAYS_SEARCH_USER_PATHS = NO;
				ASSETCATALOG_COMPILER_GENERATE_SWIFT_ASSET_SYMBOL_EXTENSIONS = YES;
				CLANG_ANALYZER_NONNULL = YES;
				CLANG_ANALYZER_NUMBER_OBJECT_CONVERSION = YES_AGGRESSIVE;
				CLANG_CXX_LANGUAGE_STANDARD = "gnu++20";
				CLANG_ENABLE_MODULES = YES;
				CLANG_ENABLE_OBJC_ARC = YES;
				CLANG_ENABLE_OBJC_WEAK = YES;
				CLANG_WARN_BLOCK_CAPTURE_AUTORELEASING = YES;
				CLANG_WARN_BOOL_CONVERSION = YES;
				CLANG_WARN_COMMA = YES;
				CLANG_WARN_CONSTANT_CONVERSION = YES;
				CLANG_WARN_DEPRECATED_OBJC_IMPLEMENTATIONS = YES;
				CLANG_WARN_DIRECT_OBJC_ISA_USAGE = YES_ERROR;
				CLANG_WARN_DOCUMENTATION_COMMENTS = YES;
				CLANG_WARN_EMPTY_BODY = YES;
				CLANG_WARN_ENUM_CONVERSION = YES;
				CLANG_WARN_INFINITE_RECURSION = YES;
				CLANG_WARN_INT_CONVERSION = YES;
				CLANG_WARN_NON_LITERAL_NULL_CONVERSION = YES;
				CLANG_WARN_OBJC_IMPLICIT_RETAIN_SELF = YES;
				CLANG_WARN_OBJC_LITERAL_CONVERSION = YES;
				CLANG_WARN_OBJC_ROOT_CLASS = YES_ERROR;
				CLANG_WARN_QUOTED_INCLUDE_IN_FRAMEWORK_HEADER = YES;
				CLANG_WARN_RANGE_LOOP_ANALYSIS = YES;
				CLANG_WARN_STRICT_PROTOTYPES = YES;
				CLANG_WARN_SUSPICIOUS_MOVE = YES;
				CLANG_WARN_UNGUARDED_AVAILABILITY = YES_AGGRESSIVE;
				CLANG_WARN_UNREACHABLE_CODE = YES;
				CLANG_WARN__DUPLICATE_METHOD_MATCH = YES;
				COPY_PHASE_STRIP = NO;
				DEBUG_INFORMATION_FORMAT = "dwarf-with-dsym";
				ENABLE_NS_ASSERTIONS = NO;
				ENABLE_STRICT_OBJC_MSGSEND = YES;
				ENABLE_USER_SCRIPT_SANDBOXING = YES;
				GCC_C_LANGUAGE_STANDARD = gnu17;
				GCC_NO_COMMON_BLOCKS = YES;
				GCC_WARN_64_TO_32_BIT_CONVERSION = YES;
				GCC_WARN_ABOUT_RETURN_TYPE = YES_ERROR;
				GCC_WARN_UNDECLARED_SELECTOR = YES;
				GCC_WARN_UNINITIALIZED_AUTOS = YES_AGGRESSIVE;
				GCC_WARN_UNUSED_FUNCTION = YES;
				GCC_WARN_UNUSED_VARIABLE = YES;
				IPHONEOS_DEPLOYMENT_TARGET = 18.2;
				LOCALIZATION_PREFERS_STRING_CATALOGS = YES;
				MTL_ENABLE_DEBUG_INFO = NO;
				MTL_FAST_MATH = YES;
				SDKROOT = iphoneos;
				SWIFT_COMPILATION_MODE = wholemodule;
				VALIDATE_PRODUCT = YES;
			};
			name = Release;
		};
		B9A8F4492D56AEA2006C7F4E /* Debug */ = {
			isa = XCBuildConfiguration;
			buildSettings = {
				ASSETCATALOG_COMPILER_APPICON_NAME = AppIcon;
				ASSETCATALOG_COMPILER_GLOBAL_ACCENT_COLOR_NAME = AccentColor;
				CODE_SIGN_STYLE = Automatic;
				CURRENT_PROJECT_VERSION = 1;
				DEVELOPMENT_ASSET_PATHS = "\"TheWord/Preview Content\"";
				ENABLE_PREVIEWS = YES;
				GENERATE_INFOPLIST_FILE = YES;
				INFOPLIST_KEY_UIApplicationSceneManifest_Generation = YES;
				INFOPLIST_KEY_UIApplicationSupportsIndirectInputEvents = YES;
				INFOPLIST_KEY_UILaunchScreen_Generation = YES;
				INFOPLIST_KEY_UISupportedInterfaceOrientations_iPad = "UIInterfaceOrientationPortrait UIInterfaceOrientationPortraitUpsideDown UIInterfaceOrientationLandscapeLeft UIInterfaceOrientationLandscapeRight";
				INFOPLIST_KEY_UISupportedInterfaceOrientations_iPhone = "UIInterfaceOrientationPortrait UIInterfaceOrientationLandscapeLeft UIInterfaceOrientationLandscapeRight";
				LD_RUNPATH_SEARCH_PATHS = (
					"$(inherited)",
					"@executable_path/Frameworks",
				);
				MARKETING_VERSION = 1.0;
				PRODUCT_BUNDLE_IDENTIFIER = "add-photos.TheWord";
				PRODUCT_NAME = "$(TARGET_NAME)";
				SWIFT_EMIT_LOC_STRINGS = YES;
				SWIFT_VERSION = 5.0;
				TARGETED_DEVICE_FAMILY = "1,2";
			};
			name = Debug;
		};
		B9A8F44A2D56AEA2006C7F4E /* Release */ = {
			isa = XCBuildConfiguration;
			buildSettings = {
				ASSETCATALOG_COMPILER_APPICON_NAME = AppIcon;
				ASSETCATALOG_COMPILER_GLOBAL_ACCENT_COLOR_NAME = AccentColor;
				CODE_SIGN_STYLE = Automatic;
				CURRENT_PROJECT_VERSION = 1;
				DEVELOPMENT_ASSET_PATHS = "\"TheWord/Preview Content\"";
				ENABLE_PREVIEWS = YES;
				GENERATE_INFOPLIST_FILE = YES;
				INFOPLIST_KEY_UIApplicationSceneManifest_Generation = YES;
				INFOPLIST_KEY_UIApplicationSupportsIndirectInputEvents = YES;
				INFOPLIST_KEY_UILaunchScreen_Generation = YES;
				INFOPLIST_KEY_UISupportedInterfaceOrientations_iPad = "UIInterfaceOrientationPortrait UIInterfaceOrientationPortraitUpsideDown UIInterfaceOrientationLandscapeLeft UIInterfaceOrientationLandscapeRight";
				INFOPLIST_KEY_UISupportedInterfaceOrientations_iPhone = "UIInterfaceOrientationPortrait UIInterfaceOrientationLandscapeLeft UIInterfaceOrientationLandscapeRight";
				LD_RUNPATH_SEARCH_PATHS = (
					"$(inherited)",
					"@executable_path/Frameworks",
				);
				MARKETING_VERSION = 1.0;
				PRODUCT_BUNDLE_IDENTIFIER = "add-photos.TheWord";
				PRODUCT_NAME = "$(TARGET_NAME)";
				SWIFT_EMIT_LOC_STRINGS = YES;
				SWIFT_VERSION = 5.0;
				TARGETED_DEVICE_FAMILY = "1,2";
			};
			name = Release;
		};
		B9A8F44C2D56AEA2006C7F4E /* Debug */ = {
			isa = XCBuildConfiguration;
			buildSettings = {
				BUNDLE_LOADER = "$(TEST_HOST)";
				CODE_SIGN_STYLE = Automatic;
				CURRENT_PROJECT_VERSION = 1;
				GENERATE_INFOPLIST_FILE = YES;
				IPHONEOS_DEPLOYMENT_TARGET = 18.2;
				MARKETING_VERSION = 1.0;
				PRODUCT_BUNDLE_IDENTIFIER = "add-photos.TheWordTests";
				PRODUCT_NAME = "$(TARGET_NAME)";
				SWIFT_EMIT_LOC_STRINGS = NO;
				SWIFT_VERSION = 5.0;
				TARGETED_DEVICE_FAMILY = "1,2";
				TEST_HOST = "$(BUILT_PRODUCTS_DIR)/TheWord.app/$(BUNDLE_EXECUTABLE_FOLDER_PATH)/TheWord";
			};
			name = Debug;
		};
		B9A8F44D2D56AEA2006C7F4E /* Release */ = {
			isa = XCBuildConfiguration;
			buildSettings = {
				BUNDLE_LOADER = "$(TEST_HOST)";
				CODE_SIGN_STYLE = Automatic;
				CURRENT_PROJECT_VERSION = 1;
				GENERATE_INFOPLIST_FILE = YES;
				IPHONEOS_DEPLOYMENT_TARGET = 18.2;
				MARKETING_VERSION = 1.0;
				PRODUCT_BUNDLE_IDENTIFIER = "add-photos.TheWordTests";
				PRODUCT_NAME = "$(TARGET_NAME)";
				SWIFT_EMIT_LOC_STRINGS = NO;
				SWIFT_VERSION = 5.0;
				TARGETED_DEVICE_FAMILY = "1,2";
				TEST_HOST = "$(BUILT_PRODUCTS_DIR)/TheWord.app/$(BUNDLE_EXECUTABLE_FOLDER_PATH)/TheWord";
			};
			name = Release;
		};
		B9A8F44F2D56AEA2006C7F4E /* Debug */ = {
			isa = XCBuildConfiguration;
			buildSettings = {
				CODE_SIGN_STYLE = Automatic;
				CURRENT_PROJECT_VERSION = 1;
				GENERATE_INFOPLIST_FILE = YES;
				MARKETING_VERSION = 1.0;
				PRODUCT_BUNDLE_IDENTIFIER = "add-photos.TheWordUITests";
				PRODUCT_NAME = "$(TARGET_NAME)";
				SWIFT_EMIT_LOC_STRINGS = NO;
				SWIFT_VERSION = 5.0;
				TARGETED_DEVICE_FAMILY = "1,2";
				TEST_TARGET_NAME = TheWord;
			};
			name = Debug;
		};
		B9A8F4502D56AEA2006C7F4E /* Release */ = {
			isa = XCBuildConfiguration;
			buildSettings = {
				CODE_SIGN_STYLE = Automatic;
				CURRENT_PROJECT_VERSION = 1;
				GENERATE_INFOPLIST_FILE = YES;
				MARKETING_VERSION = 1.0;
				PRODUCT_BUNDLE_IDENTIFIER = "add-photos.TheWordUITests";
				PRODUCT_NAME = "$(TARGET_NAME)";
				SWIFT_EMIT_LOC_STRINGS = NO;
				SWIFT_VERSION = 5.0;
				TARGETED_DEVICE_FAMILY = "1,2";
				TEST_TARGET_NAME = TheWord;
			};
			name = Release;
		};
/* End XCBuildConfiguration section */

/* Begin XCConfigurationList section */
		B9A8F41F2D56AEA1006C7F4E /* Build configuration list for PBXProject "TheWord" */ = {
			isa = XCConfigurationList;
			buildConfigurations = (
				B9A8F4462D56AEA2006C7F4E /* Debug */,
				B9A8F4472D56AEA2006C7F4E /* Release */,
			);
			defaultConfigurationIsVisible = 0;
			defaultConfigurationName = Release;
		};
		B9A8F4482D56AEA2006C7F4E /* Build configuration list for PBXNativeTarget "TheWord" */ = {
			isa = XCConfigurationList;
			buildConfigurations = (
				B9A8F4492D56AEA2006C7F4E /* Debug */,
				B9A8F44A2D56AEA2006C7F4E /* Release */,
			);
			defaultConfigurationIsVisible = 0;
			defaultConfigurationName = Release;
		};
		B9A8F44B2D56AEA2006C7F4E /* Build configuration list for PBXNativeTarget "TheWordTests" */ = {
			isa = XCConfigurationList;
			buildConfigurations = (
				B9A8F44C2D56AEA2006C7F4E /* Debug */,
				B9A8F44D2D56AEA2006C7F4E /* Release */,
			);
			defaultConfigurationIsVisible = 0;
			defaultConfigurationName = Release;
		};
		B9A8F44E2D56AEA2006C7F4E /* Build configuration list for PBXNativeTarget "TheWordUITests" */ = {
			isa = XCConfigurationList;
			buildConfigurations = (
				B9A8F44F2D56AEA2006C7F4E /* Debug */,
				B9A8F4502D56AEA2006C7F4E /* Release */,
			);
			defaultConfigurationIsVisible = 0;
			defaultConfigurationName = Release;
		};
/* End XCConfigurationList section */
	};
	rootObject = B9A8F41C2D56AEA1006C7F4E /* Project object */;
}
